
Microsoft Visual Studio Solution File, Format Version 12.00
# Visual Studio Version 16
VisualStudioVersion = 16.0.31702.278
MinimumVisualStudioVersion = 10.0.40219.1
Project("{FAE04EC0-301F-11D3-BF4B-00C04F79EFBC}") = "PM2E12272.Android", "PM2E12272\PM2E12272.Android\PM2E12272.Android.csproj", "{AB578214-C172-47B8-85C7-12CC60A88143}"
EndProject
Project("{FAE04EC0-301F-11D3-BF4B-00C04F79EFBC}") = "PM2E12272", "PM2E12272\PM2E12272\PM2E12272.csproj", "{EC984E9C-44CF-474F-A409-D6E0404CBB45}"
EndProject
Global
	GlobalSection(SolutionConfigurationPlatforms) = preSolution
		Debug|Any CPU = Debug|Any CPU
		Release|Any CPU = Release|Any CPU
	EndGlobalSection
	GlobalSection(ProjectConfigurationPlatforms) = postSolution
		{AB578214-C172-47B8-85C7-12CC60A88143}.Debug|Any CPU.ActiveCfg = Debug|Any CPU
		{AB578214-C172-47B8-85C7-12CC60A88143}.Debug|Any CPU.Build.0 = Debug|Any CPU
		{AB578214-C172-47B8-85C7-12CC60A88143}.Debug|Any CPU.Deploy.0 = Debug|Any CPU
		{AB578214-C172-47B8-85C7-12CC60A88143}.Release|Any CPU.ActiveCfg = Release|Any CPU
		{AB578214-C172-47B8-85C7-12CC60A88143}.Release|Any CPU.Build.0 = Release|Any CPU
		{AB578214-C172-47B8-85C7-12CC60A88143}.Release|Any CPU.Deploy.0 = Release|Any CPU
		{EC984E9C-44CF-474F-A409-D6E0404CBB45}.Debug|Any CPU.ActiveCfg = Debug|Any CPU
		{EC984E9C-44CF-474F-A409-D6E0404CBB45}.Debug|Any CPU.Build.0 = Debug|Any CPU
		{EC984E9C-44CF-474F-A409-D6E0404CBB45}.Debug|Any CPU.Deploy.0 = Debug|Any CPU
		{EC984E9C-44CF-474F-A409-D6E0404CBB45}.Release|Any CPU.ActiveCfg = Release|Any CPU
		{EC984E9C-44CF-474F-A409-D6E0404CBB45}.Release|Any CPU.Build.0 = Release|Any CPU
		{EC984E9C-44CF-474F-A409-D6E0404CBB45}.Release|Any CPU.Deploy.0 = Release|Any CPU
	EndGlobalSection
	GlobalSection(SolutionProperties) = preSolution
		HideSolutionNode = FALSE
	EndGlobalSection
	GlobalSection(ExtensibilityGlobals) = postSolution
		SolutionGuid = {EFC63576-760F-451C-B6F8-F46F27278A48}
	EndGlobalSection
EndGlobal
